
Microsoft Visual Studio Solution File, Format Version 12.00
# Visual Studio Version 16
VisualStudioVersion = 16.0.29503.13
MinimumVisualStudioVersion = 10.0.40219.1
Project("{FAE04EC0-301F-11D3-BF4B-00C04F79EFBC}") = "Exam03Project", "Exam03Project\Exam03Project.csproj", "{66CB0D1B-CAFD-47B4-9ECD-3A8EE30B3665}"
EndProject
Project("{FAE04EC0-301F-11D3-BF4B-00C04F79EFBC}") = "Repository_Domain", "Repository_Domain\Repository_Domain.csproj", "{D5261EC4-279E-4D4B-A7B9-73807EDF88C2}"
EndProject
Project("{FAE04EC0-301F-11D3-BF4B-00C04F79EFBC}") = "Repository_Source", "Repository_Source\Repository_Source.csproj", "{CB330E95-6574-4231-9916-98745BBA7C7E}"
EndProject
Project("{FAE04EC0-301F-11D3-BF4B-00C04F79EFBC}") = "RepositoryPattern", "RepositoryPattern\RepositoryPattern.csproj", "{A00E9929-A720-4CAA-9B07-E4CA23AFE09F}"
EndProject
Global
	GlobalSection(SolutionConfigurationPlatforms) = preSolution
		Debug|Any CPU = Debug|Any CPU
		Release|Any CPU = Release|Any CPU
	EndGlobalSection
	GlobalSection(ProjectConfigurationPlatforms) = postSolution
		{66CB0D1B-CAFD-47B4-9ECD-3A8EE30B3665}.Debug|Any CPU.ActiveCfg = Debug|Any CPU
		{66CB0D1B-CAFD-47B4-9ECD-3A8EE30B3665}.Debug|Any CPU.Build.0 = Debug|Any CPU
		{66CB0D1B-CAFD-47B4-9ECD-3A8EE30B3665}.Release|Any CPU.ActiveCfg = Release|Any CPU
		{66CB0D1B-CAFD-47B4-9ECD-3A8EE30B3665}.Release|Any CPU.Build.0 = Release|Any CPU
		{D5261EC4-279E-4D4B-A7B9-73807EDF88C2}.Debug|Any CPU.ActiveCfg = Debug|Any CPU
		{D5261EC4-279E-4D4B-A7B9-73807EDF88C2}.Debug|Any CPU.Build.0 = Debug|Any CPU
		{D5261EC4-279E-4D4B-A7B9-73807EDF88C2}.Release|Any CPU.ActiveCfg = Release|Any CPU
		{D5261EC4-279E-4D4B-A7B9-73807EDF88C2}.Release|Any CPU.Build.0 = Release|Any CPU
		{CB330E95-6574-4231-9916-98745BBA7C7E}.Debug|Any CPU.ActiveCfg = Debug|Any CPU
		{CB330E95-6574-4231-9916-98745BBA7C7E}.Debug|Any CPU.Build.0 = Debug|Any CPU
		{CB330E95-6574-4231-9916-98745BBA7C7E}.Release|Any CPU.ActiveCfg = Release|Any CPU
		{CB330E95-6574-4231-9916-98745BBA7C7E}.Release|Any CPU.Build.0 = Release|Any CPU
		{A00E9929-A720-4CAA-9B07-E4CA23AFE09F}.Debug|Any CPU.ActiveCfg = Debug|Any CPU
		{A00E9929-A720-4CAA-9B07-E4CA23AFE09F}.Debug|Any CPU.Build.0 = Debug|Any CPU
		{A00E9929-A720-4CAA-9B07-E4CA23AFE09F}.Release|Any CPU.ActiveCfg = Release|Any CPU
		{A00E9929-A720-4CAA-9B07-E4CA23AFE09F}.Release|Any CPU.Build.0 = Release|Any CPU
	EndGlobalSection
	GlobalSection(SolutionProperties) = preSolution
		HideSolutionNode = FALSE
	EndGlobalSection
	GlobalSection(ExtensibilityGlobals) = postSolution
		SolutionGuid = {76BB89F5-1145-470F-82C5-4BA3E11D0338}
	EndGlobalSection
EndGlobal
